// !$*UTF8*$!
{
	archiveVersion = 1;
	classes = {
	};
	objectVersion = 50;
	objects = {

/* Begin PBXBuildFile section */
		84594F0821DC68AB0019C9B9 /* AppDelegate.swift in Sources */ = {isa = PBXBuildFile; fileRef = 84594F0721DC68AB0019C9B9 /* AppDelegate.swift */; };
		84594F0A21DC68AB0019C9B9 /* ViewController.swift in Sources */ = {isa = PBXBuildFile; fileRef = 84594F0921DC68AB0019C9B9 /* ViewController.swift */; };
		84594F0D21DC68AB0019C9B9 /* Main.storyboard in Resources */ = {isa = PBXBuildFile; fileRef = 84594F0B21DC68AB0019C9B9 /* Main.storyboard */; };
		84594F0F21DC68AC0019C9B9 /* Assets.xcassets in Resources */ = {isa = PBXBuildFile; fileRef = 84594F0E21DC68AC0019C9B9 /* Assets.xcassets */; };
		84594F1221DC68AC0019C9B9 /* LaunchScreen.storyboard in Resources */ = {isa = PBXBuildFile; fileRef = 84594F1021DC68AC0019C9B9 /* LaunchScreen.storyboard */; };
		84594F1F21DC6A8E0019C9B9 /* PCMainModel.swift in Sources */ = {isa = PBXBuildFile; fileRef = 84594F1E21DC6A8E0019C9B9 /* PCMainModel.swift */; };
		84594F5C21DC6BFE0019C9B9 /* animacionCalendario.swift in Sources */ = {isa = PBXBuildFile; fileRef = 84594F2721DC6BFD0019C9B9 /* animacionCalendario.swift */; };
		84594F5D21DC6BFE0019C9B9 /* accionesAnual.swift in Sources */ = {isa = PBXBuildFile; fileRef = 84594F2921DC6BFD0019C9B9 /* accionesAnual.swift */; };
		84594F5E21DC6BFE0019C9B9 /* dataModelAnual.swift in Sources */ = {isa = PBXBuildFile; fileRef = 84594F2A21DC6BFD0019C9B9 /* dataModelAnual.swift */; };
		84594F5F21DC6BFE0019C9B9 /* pricipalAnual.swift in Sources */ = {isa = PBXBuildFile; fileRef = 84594F2B21DC6BFD0019C9B9 /* pricipalAnual.swift */; };
		84594F6021DC6BFE0019C9B9 /* botonRedondo.png in Resources */ = {isa = PBXBuildFile; fileRef = 84594F2D21DC6BFD0019C9B9 /* botonRedondo.png */; };
		84594F6121DC6BFE0019C9B9 /* calendario3_3.swift in Sources */ = {isa = PBXBuildFile; fileRef = 84594F2E21DC6BFD0019C9B9 /* calendario3_3.swift */; };
		84594F6221DC6BFE0019C9B9 /* dataModel.swift in Sources */ = {isa = PBXBuildFile; fileRef = 84594F2F21DC6BFD0019C9B9 /* dataModel.swift */; };
		84594F6321DC6BFE0019C9B9 /* accionesDiario.swift in Sources */ = {isa = PBXBuildFile; fileRef = 84594F3121DC6BFD0019C9B9 /* accionesDiario.swift */; };
		84594F6421DC6BFE0019C9B9 /* dataModelDiario.swift in Sources */ = {isa = PBXBuildFile; fileRef = 84594F3221DC6BFD0019C9B9 /* dataModelDiario.swift */; };
		84594F6521DC6BFE0019C9B9 /* dibujosDiario.swift in Sources */ = {isa = PBXBuildFile; fileRef = 84594F3321DC6BFD0019C9B9 /* dibujosDiario.swift */; };
		84594F6621DC6BFE0019C9B9 /* principalDiario.swift in Sources */ = {isa = PBXBuildFile; fileRef = 84594F3421DC6BFD0019C9B9 /* principalDiario.swift */; };
		84594F6721DC6BFE0019C9B9 /* updateDiario.swift in Sources */ = {isa = PBXBuildFile; fileRef = 84594F3521DC6BFD0019C9B9 /* updateDiario.swift */; };
		84594F6821DC6BFE0019C9B9 /* accionesMensual.swift in Sources */ = {isa = PBXBuildFile; fileRef = 84594F3721DC6BFD0019C9B9 /* accionesMensual.swift */; };
		84594F6921DC6BFE0019C9B9 /* dataModelMensual.swift in Sources */ = {isa = PBXBuildFile; fileRef = 84594F3821DC6BFD0019C9B9 /* dataModelMensual.swift */; };
		84594F6A21DC6BFE0019C9B9 /* dibujosMensual.swift in Sources */ = {isa = PBXBuildFile; fileRef = 84594F3921DC6BFD0019C9B9 /* dibujosMensual.swift */; };
		84594F6B21DC6BFE0019C9B9 /* principalMensual.swift in Sources */ = {isa = PBXBuildFile; fileRef = 84594F3A21DC6BFD0019C9B9 /* principalMensual.swift */; };
		84594F6C21DC6BFE0019C9B9 /* updateMensual.swift in Sources */ = {isa = PBXBuildFile; fileRef = 84594F3B21DC6BFD0019C9B9 /* updateMensual.swift */; };
		84594F6D21DC6BFE0019C9B9 /* titulos methods.swift in Sources */ = {isa = PBXBuildFile; fileRef = 84594F3C21DC6BFD0019C9B9 /* titulos methods.swift */; };
		84594F6E21DC6BFE0019C9B9 /* SETableViewCellDate.swift in Sources */ = {isa = PBXBuildFile; fileRef = 84594F3F21DC6BFD0019C9B9 /* SETableViewCellDate.swift */; };
		84594F6F21DC6BFE0019C9B9 /* SETableViewCellDate.xib in Resources */ = {isa = PBXBuildFile; fileRef = 84594F4021DC6BFD0019C9B9 /* SETableViewCellDate.xib */; };
		84594F7021DC6BFE0019C9B9 /* SETableViewCellOptionalDate.swift in Sources */ = {isa = PBXBuildFile; fileRef = 84594F4221DC6BFD0019C9B9 /* SETableViewCellOptionalDate.swift */; };
		84594F7121DC6BFE0019C9B9 /* SETableViewCellOptionalDate.xib in Resources */ = {isa = PBXBuildFile; fileRef = 84594F4321DC6BFD0019C9B9 /* SETableViewCellOptionalDate.xib */; };
		84594F7221DC6BFE0019C9B9 /* SETableViewCellSingleLabel.swift in Sources */ = {isa = PBXBuildFile; fileRef = 84594F4521DC6BFD0019C9B9 /* SETableViewCellSingleLabel.swift */; };
		84594F7321DC6BFE0019C9B9 /* SETableViewCellSingleLabel.xib in Resources */ = {isa = PBXBuildFile; fileRef = 84594F4621DC6BFD0019C9B9 /* SETableViewCellSingleLabel.xib */; };
		84594F7421DC6BFE0019C9B9 /* SETableViewCellSwitch.swift in Sources */ = {isa = PBXBuildFile; fileRef = 84594F4821DC6BFD0019C9B9 /* SETableViewCellSwitch.swift */; };
		84594F7521DC6BFE0019C9B9 /* SETableViewCellSwitch.xib in Resources */ = {isa = PBXBuildFile; fileRef = 84594F4921DC6BFD0019C9B9 /* SETableViewCellSwitch.xib */; };
		84594F7621DC6BFE0019C9B9 /* SETableViewCellTextField.swift in Sources */ = {isa = PBXBuildFile; fileRef = 84594F4B21DC6BFD0019C9B9 /* SETableViewCellTextField.swift */; };
		84594F7721DC6BFE0019C9B9 /* SETableViewCellTextField.xib in Resources */ = {isa = PBXBuildFile; fileRef = 84594F4C21DC6BFD0019C9B9 /* SETableViewCellTextField.xib */; };
		84594F7821DC6BFE0019C9B9 /* SETableViewCellTextView.swift in Sources */ = {isa = PBXBuildFile; fileRef = 84594F4E21DC6BFD0019C9B9 /* SETableViewCellTextView.swift */; };
		84594F7921DC6BFE0019C9B9 /* SETableViewCellTextView.xib in Resources */ = {isa = PBXBuildFile; fileRef = 84594F4F21DC6BFD0019C9B9 /* SETableViewCellTextView.xib */; };
		84594F7A21DC6BFE0019C9B9 /* dateLibrary.swift in Sources */ = {isa = PBXBuildFile; fileRef = 84594F5121DC6BFD0019C9B9 /* dateLibrary.swift */; };
		84594F7B21DC6BFE0019C9B9 /* StringExtensions.swift in Sources */ = {isa = PBXBuildFile; fileRef = 84594F5221DC6BFD0019C9B9 /* StringExtensions.swift */; };
		84594F7C21DC6BFE0019C9B9 /* TextFieldExtensions.swift in Sources */ = {isa = PBXBuildFile; fileRef = 84594F5321DC6BFD0019C9B9 /* TextFieldExtensions.swift */; };
		84594F7F21DC6BFE0019C9B9 /* constantes globales.swift in Sources */ = {isa = PBXBuildFile; fileRef = 84594F5821DC6BFD0019C9B9 /* constantes globales.swift */; };
		84594F8021DC6BFE0019C9B9 /* funciones globales.swift in Sources */ = {isa = PBXBuildFile; fileRef = 84594F5921DC6BFD0019C9B9 /* funciones globales.swift */; };
		84594F8121DC6BFE0019C9B9 /* Toast.swift in Sources */ = {isa = PBXBuildFile; fileRef = 84594F5B21DC6BFD0019C9B9 /* Toast.swift */; };
		84594F8321DC6C850019C9B9 /* PCButtonStyleCutomView.swift in Sources */ = {isa = PBXBuildFile; fileRef = 84594F8221DC6C850019C9B9 /* PCButtonStyleCutomView.swift */; };
		84A9356721DF06B200BE8C45 /* PCDiaCustomView.xib in Resources */ = {isa = PBXBuildFile; fileRef = 84A9356621DF06B200BE8C45 /* PCDiaCustomView.xib */; };
		84A9356921DF06CE00BE8C45 /* PCDiaCustomView.swift in Sources */ = {isa = PBXBuildFile; fileRef = 84A9356821DF06CE00BE8C45 /* PCDiaCustomView.swift */; };
/* End PBXBuildFile section */

/* Begin PBXFileReference section */
		84594F0421DC68AB0019C9B9 /* PremiumCalendar.app */ = {isa = PBXFileReference; explicitFileType = wrapper.application; includeInIndex = 0; path = PremiumCalendar.app; sourceTree = BUILT_PRODUCTS_DIR; };
		84594F0721DC68AB0019C9B9 /* AppDelegate.swift */ = {isa = PBXFileReference; lastKnownFileType = sourcecode.swift; path = AppDelegate.swift; sourceTree = "<group>"; };
		84594F0921DC68AB0019C9B9 /* ViewController.swift */ = {isa = PBXFileReference; lastKnownFileType = sourcecode.swift; path = ViewController.swift; sourceTree = "<group>"; };
		84594F0C21DC68AB0019C9B9 /* Base */ = {isa = PBXFileReference; lastKnownFileType = file.storyboard; name = Base; path = Base.lproj/Main.storyboard; sourceTree = "<group>"; };
		84594F0E21DC68AC0019C9B9 /* Assets.xcassets */ = {isa = PBXFileReference; lastKnownFileType = folder.assetcatalog; path = Assets.xcassets; sourceTree = "<group>"; };
		84594F1121DC68AC0019C9B9 /* Base */ = {isa = PBXFileReference; lastKnownFileType = file.storyboard; name = Base; path = Base.lproj/LaunchScreen.storyboard; sourceTree = "<group>"; };
		84594F1321DC68AC0019C9B9 /* Info.plist */ = {isa = PBXFileReference; lastKnownFileType = text.plist.xml; path = Info.plist; sourceTree = "<group>"; };
		84594F1E21DC6A8E0019C9B9 /* PCMainModel.swift */ = {isa = PBXFileReference; lastKnownFileType = sourcecode.swift; path = PCMainModel.swift; sourceTree = "<group>"; };
		84594F2721DC6BFD0019C9B9 /* animacionCalendario.swift */ = {isa = PBXFileReference; fileEncoding = 4; lastKnownFileType = sourcecode.swift; path = animacionCalendario.swift; sourceTree = "<group>"; };
		84594F2921DC6BFD0019C9B9 /* accionesAnual.swift */ = {isa = PBXFileReference; fileEncoding = 4; lastKnownFileType = sourcecode.swift; path = accionesAnual.swift; sourceTree = "<group>"; };
		84594F2A21DC6BFD0019C9B9 /* dataModelAnual.swift */ = {isa = PBXFileReference; fileEncoding = 4; lastKnownFileType = sourcecode.swift; path = dataModelAnual.swift; sourceTree = "<group>"; };
		84594F2B21DC6BFD0019C9B9 /* pricipalAnual.swift */ = {isa = PBXFileReference; fileEncoding = 4; lastKnownFileType = sourcecode.swift; path = pricipalAnual.swift; sourceTree = "<group>"; };
		84594F2D21DC6BFD0019C9B9 /* botonRedondo.png */ = {isa = PBXFileReference; lastKnownFileType = image.png; path = botonRedondo.png; sourceTree = "<group>"; };
		84594F2E21DC6BFD0019C9B9 /* calendario3_3.swift */ = {isa = PBXFileReference; fileEncoding = 4; lastKnownFileType = sourcecode.swift; path = calendario3_3.swift; sourceTree = "<group>"; };
		84594F2F21DC6BFD0019C9B9 /* dataModel.swift */ = {isa = PBXFileReference; fileEncoding = 4; lastKnownFileType = sourcecode.swift; path = dataModel.swift; sourceTree = "<group>"; };
		84594F3121DC6BFD0019C9B9 /* accionesDiario.swift */ = {isa = PBXFileReference; fileEncoding = 4; lastKnownFileType = sourcecode.swift; path = accionesDiario.swift; sourceTree = "<group>"; };
		84594F3221DC6BFD0019C9B9 /* dataModelDiario.swift */ = {isa = PBXFileReference; fileEncoding = 4; lastKnownFileType = sourcecode.swift; path = dataModelDiario.swift; sourceTree = "<group>"; };
		84594F3321DC6BFD0019C9B9 /* dibujosDiario.swift */ = {isa = PBXFileReference; fileEncoding = 4; lastKnownFileType = sourcecode.swift; path = dibujosDiario.swift; sourceTree = "<group>"; };
		84594F3421DC6BFD0019C9B9 /* principalDiario.swift */ = {isa = PBXFileReference; fileEncoding = 4; lastKnownFileType = sourcecode.swift; path = principalDiario.swift; sourceTree = "<group>"; };
		84594F3521DC6BFD0019C9B9 /* updateDiario.swift */ = {isa = PBXFileReference; fileEncoding = 4; lastKnownFileType = sourcecode.swift; path = updateDiario.swift; sourceTree = "<group>"; };
		84594F3721DC6BFD0019C9B9 /* accionesMensual.swift */ = {isa = PBXFileReference; fileEncoding = 4; lastKnownFileType = sourcecode.swift; path = accionesMensual.swift; sourceTree = "<group>"; };
		84594F3821DC6BFD0019C9B9 /* dataModelMensual.swift */ = {isa = PBXFileReference; fileEncoding = 4; lastKnownFileType = sourcecode.swift; path = dataModelMensual.swift; sourceTree = "<group>"; };
		84594F3921DC6BFD0019C9B9 /* dibujosMensual.swift */ = {isa = PBXFileReference; fileEncoding = 4; lastKnownFileType = sourcecode.swift; path = dibujosMensual.swift; sourceTree = "<group>"; };
		84594F3A21DC6BFD0019C9B9 /* principalMensual.swift */ = {isa = PBXFileReference; fileEncoding = 4; lastKnownFileType = sourcecode.swift; path = principalMensual.swift; sourceTree = "<group>"; };
		84594F3B21DC6BFD0019C9B9 /* updateMensual.swift */ = {isa = PBXFileReference; fileEncoding = 4; lastKnownFileType = sourcecode.swift; path = updateMensual.swift; sourceTree = "<group>"; };
		84594F3C21DC6BFD0019C9B9 /* titulos methods.swift */ = {isa = PBXFileReference; fileEncoding = 4; lastKnownFileType = sourcecode.swift; path = "titulos methods.swift"; sourceTree = "<group>"; };
		84594F3F21DC6BFD0019C9B9 /* SETableViewCellDate.swift */ = {isa = PBXFileReference; fileEncoding = 4; lastKnownFileType = sourcecode.swift; path = SETableViewCellDate.swift; sourceTree = "<group>"; };
		84594F4021DC6BFD0019C9B9 /* SETableViewCellDate.xib */ = {isa = PBXFileReference; fileEncoding = 4; lastKnownFileType = file.xib; path = SETableViewCellDate.xib; sourceTree = "<group>"; };
		84594F4221DC6BFD0019C9B9 /* SETableViewCellOptionalDate.swift */ = {isa = PBXFileReference; fileEncoding = 4; lastKnownFileType = sourcecode.swift; path = SETableViewCellOptionalDate.swift; sourceTree = "<group>"; };
		84594F4321DC6BFD0019C9B9 /* SETableViewCellOptionalDate.xib */ = {isa = PBXFileReference; fileEncoding = 4; lastKnownFileType = file.xib; path = SETableViewCellOptionalDate.xib; sourceTree = "<group>"; };
		84594F4521DC6BFD0019C9B9 /* SETableViewCellSingleLabel.swift */ = {isa = PBXFileReference; fileEncoding = 4; lastKnownFileType = sourcecode.swift; path = SETableViewCellSingleLabel.swift; sourceTree = "<group>"; };
		84594F4621DC6BFD0019C9B9 /* SETableViewCellSingleLabel.xib */ = {isa = PBXFileReference; fileEncoding = 4; lastKnownFileType = file.xib; path = SETableViewCellSingleLabel.xib; sourceTree = "<group>"; };
		84594F4821DC6BFD0019C9B9 /* SETableViewCellSwitch.swift */ = {isa = PBXFileReference; fileEncoding = 4; lastKnownFileType = sourcecode.swift; path = SETableViewCellSwitch.swift; sourceTree = "<group>"; };
		84594F4921DC6BFD0019C9B9 /* SETableViewCellSwitch.xib */ = {isa = PBXFileReference; fileEncoding = 4; lastKnownFileType = file.xib; path = SETableViewCellSwitch.xib; sourceTree = "<group>"; };
		84594F4B21DC6BFD0019C9B9 /* SETableViewCellTextField.swift */ = {isa = PBXFileReference; fileEncoding = 4; lastKnownFileType = sourcecode.swift; path = SETableViewCellTextField.swift; sourceTree = "<group>"; };
		84594F4C21DC6BFD0019C9B9 /* SETableViewCellTextField.xib */ = {isa = PBXFileReference; fileEncoding = 4; lastKnownFileType = file.xib; path = SETableViewCellTextField.xib; sourceTree = "<group>"; };
		84594F4E21DC6BFD0019C9B9 /* SETableViewCellTextView.swift */ = {isa = PBXFileReference; fileEncoding = 4; lastKnownFileType = sourcecode.swift; path = SETableViewCellTextView.swift; sourceTree = "<group>"; };
		84594F4F21DC6BFD0019C9B9 /* SETableViewCellTextView.xib */ = {isa = PBXFileReference; fileEncoding = 4; lastKnownFileType = file.xib; path = SETableViewCellTextView.xib; sourceTree = "<group>"; };
		84594F5121DC6BFD0019C9B9 /* dateLibrary.swift */ = {isa = PBXFileReference; fileEncoding = 4; lastKnownFileType = sourcecode.swift; path = dateLibrary.swift; sourceTree = "<group>"; };
		84594F5221DC6BFD0019C9B9 /* StringExtensions.swift */ = {isa = PBXFileReference; fileEncoding = 4; lastKnownFileType = sourcecode.swift; path = StringExtensions.swift; sourceTree = "<group>"; };
		84594F5321DC6BFD0019C9B9 /* TextFieldExtensions.swift */ = {isa = PBXFileReference; fileEncoding = 4; lastKnownFileType = sourcecode.swift; path = TextFieldExtensions.swift; sourceTree = "<group>"; };
		84594F5821DC6BFD0019C9B9 /* constantes globales.swift */ = {isa = PBXFileReference; fileEncoding = 4; lastKnownFileType = sourcecode.swift; path = "constantes globales.swift"; sourceTree = "<group>"; };
		84594F5921DC6BFD0019C9B9 /* funciones globales.swift */ = {isa = PBXFileReference; fileEncoding = 4; lastKnownFileType = sourcecode.swift; path = "funciones globales.swift"; sourceTree = "<group>"; };
		84594F5B21DC6BFD0019C9B9 /* Toast.swift */ = {isa = PBXFileReference; fileEncoding = 4; lastKnownFileType = sourcecode.swift; path = Toast.swift; sourceTree = "<group>"; };
		84594F8221DC6C850019C9B9 /* PCButtonStyleCutomView.swift */ = {isa = PBXFileReference; lastKnownFileType = sourcecode.swift; path = PCButtonStyleCutomView.swift; sourceTree = "<group>"; };
		84A9356621DF06B200BE8C45 /* PCDiaCustomView.xib */ = {isa = PBXFileReference; lastKnownFileType = file.xib; path = PCDiaCustomView.xib; sourceTree = "<group>"; };
		84A9356821DF06CE00BE8C45 /* PCDiaCustomView.swift */ = {isa = PBXFileReference; lastKnownFileType = sourcecode.swift; path = PCDiaCustomView.swift; sourceTree = "<group>"; };
/* End PBXFileReference section */

/* Begin PBXFrameworksBuildPhase section */
		84594F0121DC68AB0019C9B9 /* Frameworks */ = {
			isa = PBXFrameworksBuildPhase;
			buildActionMask = 2147483647;
			files = (
			);
			runOnlyForDeploymentPostprocessing = 0;
		};
/* End PBXFrameworksBuildPhase section */

/* Begin PBXGroup section */
		84594EFB21DC68AB0019C9B9 = {
			isa = PBXGroup;
			children = (
				84594F0621DC68AB0019C9B9 /* PremiumCalendar */,
				84594F0521DC68AB0019C9B9 /* Products */,
			);
			sourceTree = "<group>";
		};
		84594F0521DC68AB0019C9B9 /* Products */ = {
			isa = PBXGroup;
			children = (
				84594F0421DC68AB0019C9B9 /* PremiumCalendar.app */,
			);
			name = Products;
			sourceTree = "<group>";
		};
		84594F0621DC68AB0019C9B9 /* PremiumCalendar */ = {
			isa = PBXGroup;
			children = (
				84594F0721DC68AB0019C9B9 /* AppDelegate.swift */,
				84594F0921DC68AB0019C9B9 /* ViewController.swift */,
				84A9356221DF063A00BE8C45 /* CustomsViews */,
				84594F0B21DC68AB0019C9B9 /* Main.storyboard */,
				84594F1921DC6A0C0019C9B9 /* PremiumCalendar */,
				84594F0E21DC68AC0019C9B9 /* Assets.xcassets */,
				84594F1021DC68AC0019C9B9 /* LaunchScreen.storyboard */,
				84594F1321DC68AC0019C9B9 /* Info.plist */,
			);
			path = PremiumCalendar;
			sourceTree = "<group>";
		};
		84594F1921DC6A0C0019C9B9 /* PremiumCalendar */ = {
			isa = PBXGroup;
			children = (
				84594F2521DC6BFD0019C9B9 /* Common */,
				84594F1A21DC6A340019C9B9 /* ButtonStyle */,
			);
			path = PremiumCalendar;
			sourceTree = "<group>";
		};
		84594F1A21DC6A340019C9B9 /* ButtonStyle */ = {
			isa = PBXGroup;
			children = (
				84594F1D21DC6A6F0019C9B9 /* Model */,
				84594F1C21DC6A660019C9B9 /* ViewModel */,
				84594F1B21DC6A600019C9B9 /* View */,
			);
			path = ButtonStyle;
			sourceTree = "<group>";
		};
		84594F1B21DC6A600019C9B9 /* View */ = {
			isa = PBXGroup;
			children = (
				84594F8221DC6C850019C9B9 /* PCButtonStyleCutomView.swift */,
			);
			path = View;
			sourceTree = "<group>";
		};
		84594F1C21DC6A660019C9B9 /* ViewModel */ = {
			isa = PBXGroup;
			children = (
			);
			path = ViewModel;
			sourceTree = "<group>";
		};
		84594F1D21DC6A6F0019C9B9 /* Model */ = {
			isa = PBXGroup;
			children = (
				84594F1E21DC6A8E0019C9B9 /* PCMainModel.swift */,
			);
			path = Model;
			sourceTree = "<group>";
		};
		84594F2521DC6BFD0019C9B9 /* Common */ = {
			isa = PBXGroup;
			children = (
				84594F2621DC6BFD0019C9B9 /* calendario 3_3 */,
				84594F3D21DC6BFD0019C9B9 /* CommonCells */,
				84594F5021DC6BFD0019C9B9 /* Extensions */,
				84594F5721DC6BFD0019C9B9 /* globales */,
				84594F5A21DC6BFD0019C9B9 /* Toast */,
			);
			path = Common;
			sourceTree = "<group>";
		};
		84594F2621DC6BFD0019C9B9 /* calendario 3_3 */ = {
			isa = PBXGroup;
			children = (
				84594F2721DC6BFD0019C9B9 /* animacionCalendario.swift */,
				84594F2821DC6BFD0019C9B9 /* años */,
				84594F2C21DC6BFD0019C9B9 /* art calendario */,
				84594F2E21DC6BFD0019C9B9 /* calendario3_3.swift */,
				84594F2F21DC6BFD0019C9B9 /* dataModel.swift */,
				84594F3021DC6BFD0019C9B9 /* diario */,
				84594F3621DC6BFD0019C9B9 /* mensual */,
				84594F3C21DC6BFD0019C9B9 /* titulos methods.swift */,
			);
			path = "calendario 3_3";
			sourceTree = "<group>";
		};
		84594F2821DC6BFD0019C9B9 /* años */ = {
			isa = PBXGroup;
			children = (
				84594F2921DC6BFD0019C9B9 /* accionesAnual.swift */,
				84594F2A21DC6BFD0019C9B9 /* dataModelAnual.swift */,
				84594F2B21DC6BFD0019C9B9 /* pricipalAnual.swift */,
			);
			path = "años";
			sourceTree = "<group>";
		};
		84594F2C21DC6BFD0019C9B9 /* art calendario */ = {
			isa = PBXGroup;
			children = (
				84594F2D21DC6BFD0019C9B9 /* botonRedondo.png */,
			);
			path = "art calendario";
			sourceTree = "<group>";
		};
		84594F3021DC6BFD0019C9B9 /* diario */ = {
			isa = PBXGroup;
			children = (
				84594F3121DC6BFD0019C9B9 /* accionesDiario.swift */,
				84594F3221DC6BFD0019C9B9 /* dataModelDiario.swift */,
				84594F3321DC6BFD0019C9B9 /* dibujosDiario.swift */,
				84594F3421DC6BFD0019C9B9 /* principalDiario.swift */,
				84594F3521DC6BFD0019C9B9 /* updateDiario.swift */,
			);
			path = diario;
			sourceTree = "<group>";
		};
		84594F3621DC6BFD0019C9B9 /* mensual */ = {
			isa = PBXGroup;
			children = (
				84594F3721DC6BFD0019C9B9 /* accionesMensual.swift */,
				84594F3821DC6BFD0019C9B9 /* dataModelMensual.swift */,
				84594F3921DC6BFD0019C9B9 /* dibujosMensual.swift */,
				84594F3A21DC6BFD0019C9B9 /* principalMensual.swift */,
				84594F3B21DC6BFD0019C9B9 /* updateMensual.swift */,
			);
			path = mensual;
			sourceTree = "<group>";
		};
		84594F3D21DC6BFD0019C9B9 /* CommonCells */ = {
			isa = PBXGroup;
			children = (
				84594F3E21DC6BFD0019C9B9 /* DateCell */,
				84594F4121DC6BFD0019C9B9 /* OptionalDateCell */,
				84594F4421DC6BFD0019C9B9 /* SingleLabelCell */,
				84594F4721DC6BFD0019C9B9 /* SwitchCell */,
				84594F4A21DC6BFD0019C9B9 /* TextFieldCell */,
				84594F4D21DC6BFD0019C9B9 /* TextViewCell */,
			);
			path = CommonCells;
			sourceTree = "<group>";
		};
		84594F3E21DC6BFD0019C9B9 /* DateCell */ = {
			isa = PBXGroup;
			children = (
				84594F3F21DC6BFD0019C9B9 /* SETableViewCellDate.swift */,
				84594F4021DC6BFD0019C9B9 /* SETableViewCellDate.xib */,
			);
			path = DateCell;
			sourceTree = "<group>";
		};
		84594F4121DC6BFD0019C9B9 /* OptionalDateCell */ = {
			isa = PBXGroup;
			children = (
				84594F4221DC6BFD0019C9B9 /* SETableViewCellOptionalDate.swift */,
				84594F4321DC6BFD0019C9B9 /* SETableViewCellOptionalDate.xib */,
			);
			path = OptionalDateCell;
			sourceTree = "<group>";
		};
		84594F4421DC6BFD0019C9B9 /* SingleLabelCell */ = {
			isa = PBXGroup;
			children = (
				84594F4521DC6BFD0019C9B9 /* SETableViewCellSingleLabel.swift */,
				84594F4621DC6BFD0019C9B9 /* SETableViewCellSingleLabel.xib */,
			);
			path = SingleLabelCell;
			sourceTree = "<group>";
		};
		84594F4721DC6BFD0019C9B9 /* SwitchCell */ = {
			isa = PBXGroup;
			children = (
				84594F4821DC6BFD0019C9B9 /* SETableViewCellSwitch.swift */,
				84594F4921DC6BFD0019C9B9 /* SETableViewCellSwitch.xib */,
			);
			path = SwitchCell;
			sourceTree = "<group>";
		};
		84594F4A21DC6BFD0019C9B9 /* TextFieldCell */ = {
			isa = PBXGroup;
			children = (
				84594F4B21DC6BFD0019C9B9 /* SETableViewCellTextField.swift */,
				84594F4C21DC6BFD0019C9B9 /* SETableViewCellTextField.xib */,
			);
			path = TextFieldCell;
			sourceTree = "<group>";
		};
		84594F4D21DC6BFD0019C9B9 /* TextViewCell */ = {
			isa = PBXGroup;
			children = (
				84594F4E21DC6BFD0019C9B9 /* SETableViewCellTextView.swift */,
				84594F4F21DC6BFD0019C9B9 /* SETableViewCellTextView.xib */,
			);
			path = TextViewCell;
			sourceTree = "<group>";
		};
		84594F5021DC6BFD0019C9B9 /* Extensions */ = {
			isa = PBXGroup;
			children = (
				84594F5121DC6BFD0019C9B9 /* dateLibrary.swift */,
				84594F5221DC6BFD0019C9B9 /* StringExtensions.swift */,
				84594F5321DC6BFD0019C9B9 /* TextFieldExtensions.swift */,
			);
			path = Extensions;
			sourceTree = "<group>";
		};
		84594F5721DC6BFD0019C9B9 /* globales */ = {
			isa = PBXGroup;
			children = (
				84594F5821DC6BFD0019C9B9 /* constantes globales.swift */,
				84594F5921DC6BFD0019C9B9 /* funciones globales.swift */,
			);
			path = globales;
			sourceTree = "<group>";
		};
		84594F5A21DC6BFD0019C9B9 /* Toast */ = {
			isa = PBXGroup;
			children = (
				84594F5B21DC6BFD0019C9B9 /* Toast.swift */,
			);
			path = Toast;
			sourceTree = "<group>";
		};
		84A9356221DF063A00BE8C45 /* CustomsViews */ = {
			isa = PBXGroup;
			children = (
				84A9356321DF065000BE8C45 /* DiaCustomView */,
			);
			path = CustomsViews;
			sourceTree = "<group>";
		};
		84A9356321DF065000BE8C45 /* DiaCustomView */ = {
			isa = PBXGroup;
			children = (
				84A9356621DF06B200BE8C45 /* PCDiaCustomView.xib */,
				84A9356821DF06CE00BE8C45 /* PCDiaCustomView.swift */,
			);
			path = DiaCustomView;
			sourceTree = "<group>";
		};
/* End PBXGroup section */

/* Begin PBXNativeTarget section */
		84594F0321DC68AB0019C9B9 /* PremiumCalendar */ = {
			isa = PBXNativeTarget;
			buildConfigurationList = 84594F1621DC68AC0019C9B9 /* Build configuration list for PBXNativeTarget "PremiumCalendar" */;
			buildPhases = (
				84594F0021DC68AB0019C9B9 /* Sources */,
				84594F0121DC68AB0019C9B9 /* Frameworks */,
				84594F0221DC68AB0019C9B9 /* Resources */,
			);
			buildRules = (
			);
			dependencies = (
			);
			name = PremiumCalendar;
			productName = PremiumCalendar;
			productReference = 84594F0421DC68AB0019C9B9 /* PremiumCalendar.app */;
			productType = "com.apple.product-type.application";
		};
/* End PBXNativeTarget section */

/* Begin PBXProject section */
		84594EFC21DC68AB0019C9B9 /* Project object */ = {
			isa = PBXProject;
			attributes = {
				LastSwiftUpdateCheck = 1010;
				LastUpgradeCheck = 1010;
				ORGANIZATIONNAME = "Gomez David Diego";
				TargetAttributes = {
					84594F0321DC68AB0019C9B9 = {
						CreatedOnToolsVersion = 10.1;
					};
				};
			};
			buildConfigurationList = 84594EFF21DC68AB0019C9B9 /* Build configuration list for PBXProject "PremiumCalendar" */;
			compatibilityVersion = "Xcode 9.3";
			developmentRegion = en;
			hasScannedForEncodings = 0;
			knownRegions = (
				en,
				Base,
			);
			mainGroup = 84594EFB21DC68AB0019C9B9;
			productRefGroup = 84594F0521DC68AB0019C9B9 /* Products */;
			projectDirPath = "";
			projectRoot = "";
			targets = (
				84594F0321DC68AB0019C9B9 /* PremiumCalendar */,
			);
		};
/* End PBXProject section */

/* Begin PBXResourcesBuildPhase section */
		84594F0221DC68AB0019C9B9 /* Resources */ = {
			isa = PBXResourcesBuildPhase;
			buildActionMask = 2147483647;
			files = (
				84594F1221DC68AC0019C9B9 /* LaunchScreen.storyboard in Resources */,
				84594F7721DC6BFE0019C9B9 /* SETableViewCellTextField.xib in Resources */,
				84594F6F21DC6BFE0019C9B9 /* SETableViewCellDate.xib in Resources */,
				84594F7921DC6BFE0019C9B9 /* SETableViewCellTextView.xib in Resources */,
				84A9356721DF06B200BE8C45 /* PCDiaCustomView.xib in Resources */,
				84594F0F21DC68AC0019C9B9 /* Assets.xcassets in Resources */,
				84594F7521DC6BFE0019C9B9 /* SETableViewCellSwitch.xib in Resources */,
				84594F7121DC6BFE0019C9B9 /* SETableViewCellOptionalDate.xib in Resources */,
				84594F7321DC6BFE0019C9B9 /* SETableViewCellSingleLabel.xib in Resources */,
				84594F0D21DC68AB0019C9B9 /* Main.storyboard in Resources */,
				84594F6021DC6BFE0019C9B9 /* botonRedondo.png in Resources */,
			);
			runOnlyForDeploymentPostprocessing = 0;
		};
/* End PBXResourcesBuildPhase section */

/* Begin PBXSourcesBuildPhase section */
		84594F0021DC68AB0019C9B9 /* Sources */ = {
			isa = PBXSourcesBuildPhase;
			buildActionMask = 2147483647;
			files = (
				84594F6D21DC6BFE0019C9B9 /* titulos methods.swift in Sources */,
				84594F6E21DC6BFE0019C9B9 /* SETableViewCellDate.swift in Sources */,
				84594F6921DC6BFE0019C9B9 /* dataModelMensual.swift in Sources */,
				84594F6621DC6BFE0019C9B9 /* principalDiario.swift in Sources */,
				84594F8321DC6C850019C9B9 /* PCButtonStyleCutomView.swift in Sources */,
				84594F6C21DC6BFE0019C9B9 /* updateMensual.swift in Sources */,
				84594F6B21DC6BFE0019C9B9 /* principalMensual.swift in Sources */,
				84594F5D21DC6BFE0019C9B9 /* accionesAnual.swift in Sources */,
				84594F7A21DC6BFE0019C9B9 /* dateLibrary.swift in Sources */,
				84594F1F21DC6A8E0019C9B9 /* PCMainModel.swift in Sources */,
				84594F7221DC6BFE0019C9B9 /* SETableViewCellSingleLabel.swift in Sources */,
				84594F6121DC6BFE0019C9B9 /* calendario3_3.swift in Sources */,
				84594F6421DC6BFE0019C9B9 /* dataModelDiario.swift in Sources */,
				84594F7821DC6BFE0019C9B9 /* SETableViewCellTextView.swift in Sources */,
				84594F6221DC6BFE0019C9B9 /* dataModel.swift in Sources */,
				84594F7B21DC6BFE0019C9B9 /* StringExtensions.swift in Sources */,
				84594F6321DC6BFE0019C9B9 /* accionesDiario.swift in Sources */,
				84594F0A21DC68AB0019C9B9 /* ViewController.swift in Sources */,
				84594F6721DC6BFE0019C9B9 /* updateDiario.swift in Sources */,
				84594F5F21DC6BFE0019C9B9 /* pricipalAnual.swift in Sources */,
				84594F7C21DC6BFE0019C9B9 /* TextFieldExtensions.swift in Sources */,
				84A9356921DF06CE00BE8C45 /* PCDiaCustomView.swift in Sources */,
				84594F6821DC6BFE0019C9B9 /* accionesMensual.swift in Sources */,
				84594F7421DC6BFE0019C9B9 /* SETableViewCellSwitch.swift in Sources */,
				84594F5C21DC6BFE0019C9B9 /* animacionCalendario.swift in Sources */,
				84594F0821DC68AB0019C9B9 /* AppDelegate.swift in Sources */,
				84594F7021DC6BFE0019C9B9 /* SETableViewCellOptionalDate.swift in Sources */,
				84594F7F21DC6BFE0019C9B9 /* constantes globales.swift in Sources */,
				84594F6A21DC6BFE0019C9B9 /* dibujosMensual.swift in Sources */,
				84594F5E21DC6BFE0019C9B9 /* dataModelAnual.swift in Sources */,
				84594F8021DC6BFE0019C9B9 /* funciones globales.swift in Sources */,
				84594F8121DC6BFE0019C9B9 /* Toast.swift in Sources */,
				84594F6521DC6BFE0019C9B9 /* dibujosDiario.swift in Sources */,
				84594F7621DC6BFE0019C9B9 /* SETableViewCellTextField.swift in Sources */,
			);
			runOnlyForDeploymentPostprocessing = 0;
		};
/* End PBXSourcesBuildPhase section */

/* Begin PBXVariantGroup section */
		84594F0B21DC68AB0019C9B9 /* Main.storyboard */ = {
			isa = PBXVariantGroup;
			children = (
				84594F0C21DC68AB0019C9B9 /* Base */,
			);
			name = Main.storyboard;
			sourceTree = "<group>";
		};
		84594F1021DC68AC0019C9B9 /* LaunchScreen.storyboard */ = {
			isa = PBXVariantGroup;
			children = (
				84594F1121DC68AC0019C9B9 /* Base */,
			);
			name = LaunchScreen.storyboard;
			sourceTree = "<group>";
		};
/* End PBXVariantGroup section */

/* Begin XCBuildConfiguration section */
		84594F1421DC68AC0019C9B9 /* Debug */ = {
			isa = XCBuildConfiguration;
			buildSettings = {
				ALWAYS_SEARCH_USER_PATHS = NO;
				CLANG_ANALYZER_NONNULL = YES;
				CLANG_ANALYZER_NUMBER_OBJECT_CONVERSION = YES_AGGRESSIVE;
				CLANG_CXX_LANGUAGE_STANDARD = "gnu++14";
				CLANG_CXX_LIBRARY = "libc++";
				CLANG_ENABLE_MODULES = YES;
				CLANG_ENABLE_OBJC_ARC = YES;
				CLANG_ENABLE_OBJC_WEAK = YES;
				CLANG_WARN_BLOCK_CAPTURE_AUTORELEASING = YES;
				CLANG_WARN_BOOL_CONVERSION = YES;
				CLANG_WARN_COMMA = YES;
				CLANG_WARN_CONSTANT_CONVERSION = YES;
				CLANG_WARN_DEPRECATED_OBJC_IMPLEMENTATIONS = YES;
				CLANG_WARN_DIRECT_OBJC_ISA_USAGE = YES_ERROR;
				CLANG_WARN_DOCUMENTATION_COMMENTS = YES;
				CLANG_WARN_EMPTY_BODY = YES;
				CLANG_WARN_ENUM_CONVERSION = YES;
				CLANG_WARN_INFINITE_RECURSION = YES;
				CLANG_WARN_INT_CONVERSION = YES;
				CLANG_WARN_NON_LITERAL_NULL_CONVERSION = YES;
				CLANG_WARN_OBJC_IMPLICIT_RETAIN_SELF = YES;
				CLANG_WARN_OBJC_LITERAL_CONVERSION = YES;
				CLANG_WARN_OBJC_ROOT_CLASS = YES_ERROR;
				CLANG_WARN_RANGE_LOOP_ANALYSIS = YES;
				CLANG_WARN_STRICT_PROTOTYPES = YES;
				CLANG_WARN_SUSPICIOUS_MOVE = YES;
				CLANG_WARN_UNGUARDED_AVAILABILITY = YES_AGGRESSIVE;
				CLANG_WARN_UNREACHABLE_CODE = YES;
				CLANG_WARN__DUPLICATE_METHOD_MATCH = YES;
				CODE_SIGN_IDENTITY = "iPhone Developer";
				COPY_PHASE_STRIP = NO;
				DEBUG_INFORMATION_FORMAT = dwarf;
				ENABLE_STRICT_OBJC_MSGSEND = YES;
				ENABLE_TESTABILITY = YES;
				GCC_C_LANGUAGE_STANDARD = gnu11;
				GCC_DYNAMIC_NO_PIC = NO;
				GCC_NO_COMMON_BLOCKS = YES;
				GCC_OPTIMIZATION_LEVEL = 0;
				GCC_PREPROCESSOR_DEFINITIONS = (
					"DEBUG=1",
					"$(inherited)",
				);
				GCC_WARN_64_TO_32_BIT_CONVERSION = YES;
				GCC_WARN_ABOUT_RETURN_TYPE = YES_ERROR;
				GCC_WARN_UNDECLARED_SELECTOR = YES;
				GCC_WARN_UNINITIALIZED_AUTOS = YES_AGGRESSIVE;
				GCC_WARN_UNUSED_FUNCTION = YES;
				GCC_WARN_UNUSED_VARIABLE = YES;
				IPHONEOS_DEPLOYMENT_TARGET = 12.1;
				MTL_ENABLE_DEBUG_INFO = INCLUDE_SOURCE;
				MTL_FAST_MATH = YES;
				ONLY_ACTIVE_ARCH = YES;
				SDKROOT = iphoneos;
				SWIFT_ACTIVE_COMPILATION_CONDITIONS = DEBUG;
				SWIFT_OPTIMIZATION_LEVEL = "-Onone";
			};
			name = Debug;
		};
		84594F1521DC68AC0019C9B9 /* Release */ = {
			isa = XCBuildConfiguration;
			buildSettings = {
				ALWAYS_SEARCH_USER_PATHS = NO;
				CLANG_ANALYZER_NONNULL = YES;
				CLANG_ANALYZER_NUMBER_OBJECT_CONVERSION = YES_AGGRESSIVE;
				CLANG_CXX_LANGUAGE_STANDARD = "gnu++14";
				CLANG_CXX_LIBRARY = "libc++";
				CLANG_ENABLE_MODULES = YES;
				CLANG_ENABLE_OBJC_ARC = YES;
				CLANG_ENABLE_OBJC_WEAK = YES;
				CLANG_WARN_BLOCK_CAPTURE_AUTORELEASING = YES;
				CLANG_WARN_BOOL_CONVERSION = YES;
				CLANG_WARN_COMMA = YES;
				CLANG_WARN_CONSTANT_CONVERSION = YES;
				CLANG_WARN_DEPRECATED_OBJC_IMPLEMENTATIONS = YES;
				CLANG_WARN_DIRECT_OBJC_ISA_USAGE = YES_ERROR;
				CLANG_WARN_DOCUMENTATION_COMMENTS = YES;
				CLANG_WARN_EMPTY_BODY = YES;
				CLANG_WARN_ENUM_CONVERSION = YES;
				CLANG_WARN_INFINITE_RECURSION = YES;
				CLANG_WARN_INT_CONVERSION = YES;
				CLANG_WARN_NON_LITERAL_NULL_CONVERSION = YES;
				CLANG_WARN_OBJC_IMPLICIT_RETAIN_SELF = YES;
				CLANG_WARN_OBJC_LITERAL_CONVERSION = YES;
				CLANG_WARN_OBJC_ROOT_CLASS = YES_ERROR;
				CLANG_WARN_RANGE_LOOP_ANALYSIS = YES;
				CLANG_WARN_STRICT_PROTOTYPES = YES;
				CLANG_WARN_SUSPICIOUS_MOVE = YES;
				CLANG_WARN_UNGUARDED_AVAILABILITY = YES_AGGRESSIVE;
				CLANG_WARN_UNREACHABLE_CODE = YES;
				CLANG_WARN__DUPLICATE_METHOD_MATCH = YES;
				CODE_SIGN_IDENTITY = "iPhone Developer";
				COPY_PHASE_STRIP = NO;
				DEBUG_INFORMATION_FORMAT = "dwarf-with-dsym";
				ENABLE_NS_ASSERTIONS = NO;
				ENABLE_STRICT_OBJC_MSGSEND = YES;
				GCC_C_LANGUAGE_STANDARD = gnu11;
				GCC_NO_COMMON_BLOCKS = YES;
				GCC_WARN_64_TO_32_BIT_CONVERSION = YES;
				GCC_WARN_ABOUT_RETURN_TYPE = YES_ERROR;
				GCC_WARN_UNDECLARED_SELECTOR = YES;
				GCC_WARN_UNINITIALIZED_AUTOS = YES_AGGRESSIVE;
				GCC_WARN_UNUSED_FUNCTION = YES;
				GCC_WARN_UNUSED_VARIABLE = YES;
				IPHONEOS_DEPLOYMENT_TARGET = 12.1;
				MTL_ENABLE_DEBUG_INFO = NO;
				MTL_FAST_MATH = YES;
				SDKROOT = iphoneos;
				SWIFT_COMPILATION_MODE = wholemodule;
				SWIFT_OPTIMIZATION_LEVEL = "-O";
				VALIDATE_PRODUCT = YES;
			};
			name = Release;
		};
		84594F1721DC68AC0019C9B9 /* Debug */ = {
			isa = XCBuildConfiguration;
			buildSettings = {
				ASSETCATALOG_COMPILER_APPICON_NAME = AppIcon;
				CODE_SIGN_STYLE = Automatic;
				DEVELOPMENT_TEAM = S2BEC8V882;
				INFOPLIST_FILE = PremiumCalendar/Info.plist;
				LD_RUNPATH_SEARCH_PATHS = (
					"$(inherited)",
					"@executable_path/Frameworks",
				);
				PRODUCT_BUNDLE_IDENTIFIER = ddg.PremiumCalendar;
				PRODUCT_NAME = "$(TARGET_NAME)";
				SWIFT_VERSION = 4.2;
				TARGETED_DEVICE_FAMILY = "1,2";
			};
			name = Debug;
		};
		84594F1821DC68AC0019C9B9 /* Release */ = {
			isa = XCBuildConfiguration;
			buildSettings = {
				ASSETCATALOG_COMPILER_APPICON_NAME = AppIcon;
				CODE_SIGN_STYLE = Automatic;
				DEVELOPMENT_TEAM = S2BEC8V882;
				INFOPLIST_FILE = PremiumCalendar/Info.plist;
				LD_RUNPATH_SEARCH_PATHS = (
					"$(inherited)",
					"@executable_path/Frameworks",
				);
				PRODUCT_BUNDLE_IDENTIFIER = ddg.PremiumCalendar;
				PRODUCT_NAME = "$(TARGET_NAME)";
				SWIFT_VERSION = 4.2;
				TARGETED_DEVICE_FAMILY = "1,2";
			};
			name = Release;
		};
/* End XCBuildConfiguration section */

/* Begin XCConfigurationList section */
		84594EFF21DC68AB0019C9B9 /* Build configuration list for PBXProject "PremiumCalendar" */ = {
			isa = XCConfigurationList;
			buildConfigurations = (
				84594F1421DC68AC0019C9B9 /* Debug */,
				84594F1521DC68AC0019C9B9 /* Release */,
			);
			defaultConfigurationIsVisible = 0;
			defaultConfigurationName = Release;
		};
		84594F1621DC68AC0019C9B9 /* Build configuration list for PBXNativeTarget "PremiumCalendar" */ = {
			isa = XCConfigurationList;
			buildConfigurations = (
				84594F1721DC68AC0019C9B9 /* Debug */,
				84594F1821DC68AC0019C9B9 /* Release */,
			);
			defaultConfigurationIsVisible = 0;
			defaultConfigurationName = Release;
		};
/* End XCConfigurationList section */
	};
	rootObject = 84594EFC21DC68AB0019C9B9 /* Project object */;
}
